
Microsoft Visual Studio Solution File, Format Version 12.00
# Visual Studio Version 17
VisualStudioVersion = 17.2.32519.379
MinimumVisualStudioVersion = 10.0.40219.1
Project("{FAE04EC0-301F-11D3-BF4B-00C04F79EFBC}") = "ElipticCurves", "ElipticCurves\ElipticCurves.csproj", "{601B2D08-445F-4F19-ABA7-AA3F2278B37F}"
EndProject
Global
	GlobalSection(SolutionConfigurationPlatforms) = preSolution
		Debug|Any CPU = Debug|Any CPU
		Release|Any CPU = Release|Any CPU
	EndGlobalSection
	GlobalSection(ProjectConfigurationPlatforms) = postSolution
		{601B2D08-445F-4F19-ABA7-AA3F2278B37F}.Debug|Any CPU.ActiveCfg = Debug|Any CPU
		{601B2D08-445F-4F19-ABA7-AA3F2278B37F}.Debug|Any CPU.Build.0 = Debug|Any CPU
		{601B2D08-445F-4F19-ABA7-AA3F2278B37F}.Release|Any CPU.ActiveCfg = Release|Any CPU
		{601B2D08-445F-4F19-ABA7-AA3F2278B37F}.Release|Any CPU.Build.0 = Release|Any CPU
	EndGlobalSection
	GlobalSection(SolutionProperties) = preSolution
		HideSolutionNode = FALSE
	EndGlobalSection
	GlobalSection(ExtensibilityGlobals) = postSolution
		SolutionGuid = {3D66C6C2-DA9C-4729-81C3-95A1FB984AC5}
	EndGlobalSection
EndGlobal
